
Microsoft Visual Studio Solution File, Format Version 12.00
# Visual Studio Version 16
VisualStudioVersion = 16.0.30717.126
MinimumVisualStudioVersion = 10.0.40219.1
Project("{FAE04EC0-301F-11D3-BF4B-00C04F79EFBC}") = "CoffeeShop", "CoffeeShop\CoffeeShop.csproj", "{97D266BB-41C2-48AC-B222-54C8CAC1D252}"
EndProject
Global
	GlobalSection(SolutionConfigurationPlatforms) = preSolution
		Debug|Any CPU = Debug|Any CPU
		Release|Any CPU = Release|Any CPU
	EndGlobalSection
	GlobalSection(ProjectConfigurationPlatforms) = postSolution
		{97D266BB-41C2-48AC-B222-54C8CAC1D252}.Debug|Any CPU.ActiveCfg = Debug|Any CPU
		{97D266BB-41C2-48AC-B222-54C8CAC1D252}.Debug|Any CPU.Build.0 = Debug|Any CPU
		{97D266BB-41C2-48AC-B222-54C8CAC1D252}.Release|Any CPU.ActiveCfg = Release|Any CPU
		{97D266BB-41C2-48AC-B222-54C8CAC1D252}.Release|Any CPU.Build.0 = Release|Any CPU
	EndGlobalSection
	GlobalSection(SolutionProperties) = preSolution
		HideSolutionNode = FALSE
	EndGlobalSection
	GlobalSection(ExtensibilityGlobals) = postSolution
		SolutionGuid = {2E54BB42-26E3-4D5F-BAB6-0B54C4F2FBE8}
	EndGlobalSection
EndGlobal
